// !$*UTF8*$!
{
	archiveVersion = 1;
	classes = {
	};
	objectVersion = 46;
	objects = {

/* Begin PBXBuildFile section */
		F02630AB1C818C5600E83B17 /* main.m in Sources */ = {isa = PBXBuildFile; fileRef = F02630AA1C818C5600E83B17 /* main.m */; };
		F02630AE1C818C5600E83B17 /* AppDelegate.m in Sources */ = {isa = PBXBuildFile; fileRef = F02630AD1C818C5600E83B17 /* AppDelegate.m */; };
		F02630B11C818C5600E83B17 /* ViewController.m in Sources */ = {isa = PBXBuildFile; fileRef = F02630B01C818C5600E83B17 /* ViewController.m */; };
		F02630B41C818C5600E83B17 /* Main.storyboard in Resources */ = {isa = PBXBuildFile; fileRef = F02630B21C818C5600E83B17 /* Main.storyboard */; };
		F02630B61C818C5600E83B17 /* Assets.xcassets in Resources */ = {isa = PBXBuildFile; fileRef = F02630B51C818C5600E83B17 /* Assets.xcassets */; };
		F02630B91C818C5600E83B17 /* LaunchScreen.storyboard in Resources */ = {isa = PBXBuildFile; fileRef = F02630B71C818C5600E83B17 /* LaunchScreen.storyboard */; };
		F02630C41C818C5600E83B17 /* ZXOrderListViewTests.m in Sources */ = {isa = PBXBuildFile; fileRef = F02630C31C818C5600E83B17 /* ZXOrderListViewTests.m */; };
		F02630CF1C818C5600E83B17 /* ZXOrderListViewUITests.m in Sources */ = {isa = PBXBuildFile; fileRef = F02630CE1C818C5600E83B17 /* ZXOrderListViewUITests.m */; };
		F02630E21C818ED500E83B17 /* ZXOrderListViewController.m in Sources */ = {isa = PBXBuildFile; fileRef = F02630E11C818ED500E83B17 /* ZXOrderListViewController.m */; };
		F02630E51C819F9C00E83B17 /* ZXOrderModel.m in Sources */ = {isa = PBXBuildFile; fileRef = F02630E41C819F9C00E83B17 /* ZXOrderModel.m */; };
		F02630FE1C81B4F400E83B17 /* MJDictionaryCache.m in Sources */ = {isa = PBXBuildFile; fileRef = F02630E81C81B4F400E83B17 /* MJDictionaryCache.m */; };
		F02630FF1C81B4F400E83B17 /* MJExtensionConst.m in Sources */ = {isa = PBXBuildFile; fileRef = F02630EB1C81B4F400E83B17 /* MJExtensionConst.m */; };
		F02631001C81B4F400E83B17 /* MJFoundation.m in Sources */ = {isa = PBXBuildFile; fileRef = F02630ED1C81B4F400E83B17 /* MJFoundation.m */; };
		F02631011C81B4F400E83B17 /* MJProperty.m in Sources */ = {isa = PBXBuildFile; fileRef = F02630EF1C81B4F400E83B17 /* MJProperty.m */; };
		F02631021C81B4F400E83B17 /* MJPropertyKey.m in Sources */ = {isa = PBXBuildFile; fileRef = F02630F11C81B4F400E83B17 /* MJPropertyKey.m */; };
		F02631031C81B4F400E83B17 /* MJPropertyType.m in Sources */ = {isa = PBXBuildFile; fileRef = F02630F31C81B4F400E83B17 /* MJPropertyType.m */; };
		F02631041C81B4F400E83B17 /* NSObject+MJClass.m in Sources */ = {isa = PBXBuildFile; fileRef = F02630F51C81B4F400E83B17 /* NSObject+MJClass.m */; };
		F02631051C81B4F400E83B17 /* NSObject+MJCoding.m in Sources */ = {isa = PBXBuildFile; fileRef = F02630F71C81B4F400E83B17 /* NSObject+MJCoding.m */; };
		F02631061C81B4F400E83B17 /* NSObject+MJKeyValue.m in Sources */ = {isa = PBXBuildFile; fileRef = F02630F91C81B4F400E83B17 /* NSObject+MJKeyValue.m */; };
		F02631071C81B4F400E83B17 /* NSObject+MJProperty.m in Sources */ = {isa = PBXBuildFile; fileRef = F02630FB1C81B4F400E83B17 /* NSObject+MJProperty.m */; };
		F02631081C81B4F400E83B17 /* NSString+MJExtension.m in Sources */ = {isa = PBXBuildFile; fileRef = F02630FD1C81B4F400E83B17 /* NSString+MJExtension.m */; };
		F026314F1C81CC9500E83B17 /* orders.json in Resources */ = {isa = PBXBuildFile; fileRef = F026314E1C81CC9500E83B17 /* orders.json */; };
		F02631531C81D12F00E83B17 /* ZXOrderCell.m in Sources */ = {isa = PBXBuildFile; fileRef = F02631511C81D12F00E83B17 /* ZXOrderCell.m */; };
		F02631541C81D12F00E83B17 /* ZXOrderCell.xib in Resources */ = {isa = PBXBuildFile; fileRef = F02631521C81D12F00E83B17 /* ZXOrderCell.xib */; };
		F02631821C82FAA800E83B17 /* MJRefreshAutoFooter.m in Sources */ = {isa = PBXBuildFile; fileRef = F02631581C82FAA800E83B17 /* MJRefreshAutoFooter.m */; };
		F02631831C82FAA800E83B17 /* MJRefreshBackFooter.m in Sources */ = {isa = PBXBuildFile; fileRef = F026315A1C82FAA800E83B17 /* MJRefreshBackFooter.m */; };
		F02631841C82FAA800E83B17 /* MJRefreshComponent.m in Sources */ = {isa = PBXBuildFile; fileRef = F026315C1C82FAA800E83B17 /* MJRefreshComponent.m */; };
		F02631851C82FAA800E83B17 /* MJRefreshFooter.m in Sources */ = {isa = PBXBuildFile; fileRef = F026315E1C82FAA800E83B17 /* MJRefreshFooter.m */; };
		F02631861C82FAA800E83B17 /* MJRefreshHeader.m in Sources */ = {isa = PBXBuildFile; fileRef = F02631601C82FAA800E83B17 /* MJRefreshHeader.m */; };
		F02631871C82FAA800E83B17 /* MJRefreshAutoGifFooter.m in Sources */ = {isa = PBXBuildFile; fileRef = F02631651C82FAA800E83B17 /* MJRefreshAutoGifFooter.m */; };
		F02631881C82FAA800E83B17 /* MJRefreshAutoNormalFooter.m in Sources */ = {isa = PBXBuildFile; fileRef = F02631671C82FAA800E83B17 /* MJRefreshAutoNormalFooter.m */; };
		F02631891C82FAA800E83B17 /* MJRefreshAutoStateFooter.m in Sources */ = {isa = PBXBuildFile; fileRef = F02631691C82FAA800E83B17 /* MJRefreshAutoStateFooter.m */; };
		F026318A1C82FAA800E83B17 /* MJRefreshBackGifFooter.m in Sources */ = {isa = PBXBuildFile; fileRef = F026316C1C82FAA800E83B17 /* MJRefreshBackGifFooter.m */; };
		F026318B1C82FAA800E83B17 /* MJRefreshBackNormalFooter.m in Sources */ = {isa = PBXBuildFile; fileRef = F026316E1C82FAA800E83B17 /* MJRefreshBackNormalFooter.m */; };
		F026318C1C82FAA800E83B17 /* MJRefreshBackStateFooter.m in Sources */ = {isa = PBXBuildFile; fileRef = F02631701C82FAA800E83B17 /* MJRefreshBackStateFooter.m */; };
		F026318D1C82FAA800E83B17 /* MJRefreshGifHeader.m in Sources */ = {isa = PBXBuildFile; fileRef = F02631731C82FAA800E83B17 /* MJRefreshGifHeader.m */; };
		F026318E1C82FAA800E83B17 /* MJRefreshNormalHeader.m in Sources */ = {isa = PBXBuildFile; fileRef = F02631751C82FAA800E83B17 /* MJRefreshNormalHeader.m */; };
		F026318F1C82FAA800E83B17 /* MJRefreshStateHeader.m in Sources */ = {isa = PBXBuildFile; fileRef = F02631771C82FAA800E83B17 /* MJRefreshStateHeader.m */; };
		F02631901C82FAA800E83B17 /* MJRefresh.bundle in Resources */ = {isa = PBXBuildFile; fileRef = F02631781C82FAA800E83B17 /* MJRefresh.bundle */; };
		F02631911C82FAA800E83B17 /* MJRefreshConst.m in Sources */ = {isa = PBXBuildFile; fileRef = F026317B1C82FAA800E83B17 /* MJRefreshConst.m */; };
		F02631921C82FAA800E83B17 /* UIScrollView+MJExtension.m in Sources */ = {isa = PBXBuildFile; fileRef = F026317D1C82FAA800E83B17 /* UIScrollView+MJExtension.m */; };
		F02631931C82FAA800E83B17 /* UIScrollView+MJRefresh.m in Sources */ = {isa = PBXBuildFile; fileRef = F026317F1C82FAA800E83B17 /* UIScrollView+MJRefresh.m */; };
		F02631941C82FAA800E83B17 /* UIView+MJExtension.m in Sources */ = {isa = PBXBuildFile; fileRef = F02631811C82FAA800E83B17 /* UIView+MJExtension.m */; };
		F02631981C830FDE00E83B17 /* canceled.json in Resources */ = {isa = PBXBuildFile; fileRef = F02631951C830FDE00E83B17 /* canceled.json */; };
		F02631991C830FDE00E83B17 /* havebeenpaid.json in Resources */ = {isa = PBXBuildFile; fileRef = F02631961C830FDE00E83B17 /* havebeenpaid.json */; };
		F026319A1C830FDE00E83B17 /* nonpayment.json in Resources */ = {isa = PBXBuildFile; fileRef = F02631971C830FDE00E83B17 /* nonpayment.json */; };
/* End PBXBuildFile section */

/* Begin PBXContainerItemProxy section */
		F02630C01C818C5600E83B17 /* PBXContainerItemProxy */ = {
			isa = PBXContainerItemProxy;
			containerPortal = F026309E1C818C5600E83B17 /* Project object */;
			proxyType = 1;
			remoteGlobalIDString = F02630A51C818C5600E83B17;
			remoteInfo = ZXOrderListView;
		};
		F02630CB1C818C5600E83B17 /* PBXContainerItemProxy */ = {
			isa = PBXContainerItemProxy;
			containerPortal = F026309E1C818C5600E83B17 /* Project object */;
			proxyType = 1;
			remoteGlobalIDString = F02630A51C818C5600E83B17;
			remoteInfo = ZXOrderListView;
		};
/* End PBXContainerItemProxy section */

/* Begin PBXFileReference section */
		F02630A61C818C5600E83B17 /* ZXOrderListView.app */ = {isa = PBXFileReference; explicitFileType = wrapper.application; includeInIndex = 0; path = ZXOrderListView.app; sourceTree = BUILT_PRODUCTS_DIR; };
		F02630AA1C818C5600E83B17 /* main.m */ = {isa = PBXFileReference; lastKnownFileType = sourcecode.c.objc; path = main.m; sourceTree = "<group>"; };
		F02630AC1C818C5600E83B17 /* AppDelegate.h */ = {isa = PBXFileReference; lastKnownFileType = sourcecode.c.h; path = AppDelegate.h; sourceTree = "<group>"; };
		F02630AD1C818C5600E83B17 /* AppDelegate.m */ = {isa = PBXFileReference; lastKnownFileType = sourcecode.c.objc; path = AppDelegate.m; sourceTree = "<group>"; };
		F02630AF1C818C5600E83B17 /* ViewController.h */ = {isa = PBXFileReference; lastKnownFileType = sourcecode.c.h; path = ViewController.h; sourceTree = "<group>"; };
		F02630B01C818C5600E83B17 /* ViewController.m */ = {isa = PBXFileReference; lastKnownFileType = sourcecode.c.objc; path = ViewController.m; sourceTree = "<group>"; };
		F02630B31C818C5600E83B17 /* Base */ = {isa = PBXFileReference; lastKnownFileType = file.storyboard; name = Base; path = Base.lproj/Main.storyboard; sourceTree = "<group>"; };
		F02630B51C818C5600E83B17 /* Assets.xcassets */ = {isa = PBXFileReference; lastKnownFileType = folder.assetcatalog; path = Assets.xcassets; sourceTree = "<group>"; };
		F02630B81C818C5600E83B17 /* Base */ = {isa = PBXFileReference; lastKnownFileType = file.storyboard; name = Base; path = Base.lproj/LaunchScreen.storyboard; sourceTree = "<group>"; };
		F02630BA1C818C5600E83B17 /* Info.plist */ = {isa = PBXFileReference; lastKnownFileType = text.plist.xml; path = Info.plist; sourceTree = "<group>"; };
		F02630BF1C818C5600E83B17 /* ZXOrderListViewTests.xctest */ = {isa = PBXFileReference; explicitFileType = wrapper.cfbundle; includeInIndex = 0; path = ZXOrderListViewTests.xctest; sourceTree = BUILT_PRODUCTS_DIR; };
		F02630C31C818C5600E83B17 /* ZXOrderListViewTests.m */ = {isa = PBXFileReference; lastKnownFileType = sourcecode.c.objc; path = ZXOrderListViewTests.m; sourceTree = "<group>"; };
		F02630C51C818C5600E83B17 /* Info.plist */ = {isa = PBXFileReference; lastKnownFileType = text.plist.xml; path = Info.plist; sourceTree = "<group>"; };
		F02630CA1C818C5600E83B17 /* ZXOrderListViewUITests.xctest */ = {isa = PBXFileReference; explicitFileType = wrapper.cfbundle; includeInIndex = 0; path = ZXOrderListViewUITests.xctest; sourceTree = BUILT_PRODUCTS_DIR; };
		F02630CE1C818C5600E83B17 /* ZXOrderListViewUITests.m */ = {isa = PBXFileReference; lastKnownFileType = sourcecode.c.objc; path = ZXOrderListViewUITests.m; sourceTree = "<group>"; };
		F02630D01C818C5600E83B17 /* Info.plist */ = {isa = PBXFileReference; lastKnownFileType = text.plist.xml; path = Info.plist; sourceTree = "<group>"; };
		F02630E01C818ED500E83B17 /* ZXOrderListViewController.h */ = {isa = PBXFileReference; fileEncoding = 4; lastKnownFileType = sourcecode.c.h; path = ZXOrderListViewController.h; sourceTree = "<group>"; };
		F02630E11C818ED500E83B17 /* ZXOrderListViewController.m */ = {isa = PBXFileReference; fileEncoding = 4; lastKnownFileType = sourcecode.c.objc; path = ZXOrderListViewController.m; sourceTree = "<group>"; };
		F02630E31C819F9C00E83B17 /* ZXOrderModel.h */ = {isa = PBXFileReference; fileEncoding = 4; lastKnownFileType = sourcecode.c.h; path = ZXOrderModel.h; sourceTree = "<group>"; };
		F02630E41C819F9C00E83B17 /* ZXOrderModel.m */ = {isa = PBXFileReference; fileEncoding = 4; lastKnownFileType = sourcecode.c.objc; path = ZXOrderModel.m; sourceTree = "<group>"; };
		F02630E71C81B4F400E83B17 /* MJDictionaryCache.h */ = {isa = PBXFileReference; fileEncoding = 4; lastKnownFileType = sourcecode.c.h; path = MJDictionaryCache.h; sourceTree = "<group>"; };
		F02630E81C81B4F400E83B17 /* MJDictionaryCache.m */ = {isa = PBXFileReference; fileEncoding = 4; lastKnownFileType = sourcecode.c.objc; path = MJDictionaryCache.m; sourceTree = "<group>"; };
		F02630E91C81B4F400E83B17 /* MJExtension.h */ = {isa = PBXFileReference; fileEncoding = 4; lastKnownFileType = sourcecode.c.h; path = MJExtension.h; sourceTree = "<group>"; };
		F02630EA1C81B4F400E83B17 /* MJExtensionConst.h */ = {isa = PBXFileReference; fileEncoding = 4; lastKnownFileType = sourcecode.c.h; path = MJExtensionConst.h; sourceTree = "<group>"; };
		F02630EB1C81B4F400E83B17 /* MJExtensionConst.m */ = {isa = PBXFileReference; fileEncoding = 4; lastKnownFileType = sourcecode.c.objc; path = MJExtensionConst.m; sourceTree = "<group>"; };
		F02630EC1C81B4F400E83B17 /* MJFoundation.h */ = {isa = PBXFileReference; fileEncoding = 4; lastKnownFileType = sourcecode.c.h; path = MJFoundation.h; sourceTree = "<group>"; };
		F02630ED1C81B4F400E83B17 /* MJFoundation.m */ = {isa = PBXFileReference; fileEncoding = 4; lastKnownFileType = sourcecode.c.objc; path = MJFoundation.m; sourceTree = "<group>"; };
		F02630EE1C81B4F400E83B17 /* MJProperty.h */ = {isa = PBXFileReference; fileEncoding = 4; lastKnownFileType = sourcecode.c.h; path = MJProperty.h; sourceTree = "<group>"; };
		F02630EF1C81B4F400E83B17 /* MJProperty.m */ = {isa = PBXFileReference; fileEncoding = 4; lastKnownFileType = sourcecode.c.objc; path = MJProperty.m; sourceTree = "<group>"; };
		F02630F01C81B4F400E83B17 /* MJPropertyKey.h */ = {isa = PBXFileReference; fileEncoding = 4; lastKnownFileType = sourcecode.c.h; path = MJPropertyKey.h; sourceTree = "<group>"; };
		F02630F11C81B4F400E83B17 /* MJPropertyKey.m */ = {isa = PBXFileReference; fileEncoding = 4; lastKnownFileType = sourcecode.c.objc; path = MJPropertyKey.m; sourceTree = "<group>"; };
		F02630F21C81B4F400E83B17 /* MJPropertyType.h */ = {isa = PBXFileReference; fileEncoding = 4; lastKnownFileType = sourcecode.c.h; path = MJPropertyType.h; sourceTree = "<group>"; };
		F02630F31C81B4F400E83B17 /* MJPropertyType.m */ = {isa = PBXFileReference; fileEncoding = 4; lastKnownFileType = sourcecode.c.objc; path = MJPropertyType.m; sourceTree = "<group>"; };
		F02630F41C81B4F400E83B17 /* NSObject+MJClass.h */ = {isa = PBXFileReference; fileEncoding = 4; lastKnownFileType = sourcecode.c.h; path = "NSObject+MJClass.h"; sourceTree = "<group>"; };
		F02630F51C81B4F400E83B17 /* NSObject+MJClass.m */ = {isa = PBXFileReference; fileEncoding = 4; lastKnownFileType = sourcecode.c.objc; path = "NSObject+MJClass.m"; sourceTree = "<group>"; };
		F02630F61C81B4F400E83B17 /* NSObject+MJCoding.h */ = {isa = PBXFileReference; fileEncoding = 4; lastKnownFileType = sourcecode.c.h; path = "NSObject+MJCoding.h"; sourceTree = "<group>"; };
		F02630F71C81B4F400E83B17 /* NSObject+MJCoding.m */ = {isa = PBXFileReference; fileEncoding = 4; lastKnownFileType = sourcecode.c.objc; path = "NSObject+MJCoding.m"; sourceTree = "<group>"; };
		F02630F81C81B4F400E83B17 /* NSObject+MJKeyValue.h */ = {isa = PBXFileReference; fileEncoding = 4; lastKnownFileType = sourcecode.c.h; path = "NSObject+MJKeyValue.h"; sourceTree = "<group>"; };
		F02630F91C81B4F400E83B17 /* NSObject+MJKeyValue.m */ = {isa = PBXFileReference; fileEncoding = 4; lastKnownFileType = sourcecode.c.objc; path = "NSObject+MJKeyValue.m"; sourceTree = "<group>"; };
		F02630FA1C81B4F400E83B17 /* NSObject+MJProperty.h */ = {isa = PBXFileReference; fileEncoding = 4; lastKnownFileType = sourcecode.c.h; path = "NSObject+MJProperty.h"; sourceTree = "<group>"; };
		F02630FB1C81B4F400E83B17 /* NSObject+MJProperty.m */ = {isa = PBXFileReference; fileEncoding = 4; lastKnownFileType = sourcecode.c.objc; path = "NSObject+MJProperty.m"; sourceTree = "<group>"; };
		F02630FC1C81B4F400E83B17 /* NSString+MJExtension.h */ = {isa = PBXFileReference; fileEncoding = 4; lastKnownFileType = sourcecode.c.h; path = "NSString+MJExtension.h"; sourceTree = "<group>"; };
		F02630FD1C81B4F400E83B17 /* NSString+MJExtension.m */ = {isa = PBXFileReference; fileEncoding = 4; lastKnownFileType = sourcecode.c.objc; path = "NSString+MJExtension.m"; sourceTree = "<group>"; };
		F026314E1C81CC9500E83B17 /* orders.json */ = {isa = PBXFileReference; fileEncoding = 4; lastKnownFileType = text.json; path = orders.json; sourceTree = "<group>"; };
		F02631501C81D12F00E83B17 /* ZXOrderCell.h */ = {isa = PBXFileReference; fileEncoding = 4; lastKnownFileType = sourcecode.c.h; path = ZXOrderCell.h; sourceTree = "<group>"; };
		F02631511C81D12F00E83B17 /* ZXOrderCell.m */ = {isa = PBXFileReference; fileEncoding = 4; lastKnownFileType = sourcecode.c.objc; path = ZXOrderCell.m; sourceTree = "<group>"; };
		F02631521C81D12F00E83B17 /* ZXOrderCell.xib */ = {isa = PBXFileReference; fileEncoding = 4; lastKnownFileType = file.xib; path = ZXOrderCell.xib; sourceTree = "<group>"; };
		F02631571C82FAA800E83B17 /* MJRefreshAutoFooter.h */ = {isa = PBXFileReference; fileEncoding = 4; lastKnownFileType = sourcecode.c.h; path = MJRefreshAutoFooter.h; sourceTree = "<group>"; };
		F02631581C82FAA800E83B17 /* MJRefreshAutoFooter.m */ = {isa = PBXFileReference; fileEncoding = 4; lastKnownFileType = sourcecode.c.objc; path = MJRefreshAutoFooter.m; sourceTree = "<group>"; };
		F02631591C82FAA800E83B17 /* MJRefreshBackFooter.h */ = {isa = PBXFileReference; fileEncoding = 4; lastKnownFileType = sourcecode.c.h; path = MJRefreshBackFooter.h; sourceTree = "<group>"; };
		F026315A1C82FAA800E83B17 /* MJRefreshBackFooter.m */ = {isa = PBXFileReference; fileEncoding = 4; lastKnownFileType = sourcecode.c.objc; path = MJRefreshBackFooter.m; sourceTree = "<group>"; };
		F026315B1C82FAA800E83B17 /* MJRefreshComponent.h */ = {isa = PBXFileReference; fileEncoding = 4; lastKnownFileType = sourcecode.c.h; path = MJRefreshComponent.h; sourceTree = "<group>"; };
		F026315C1C82FAA800E83B17 /* MJRefreshComponent.m */ = {isa = PBXFileReference; fileEncoding = 4; lastKnownFileType = sourcecode.c.objc; path = MJRefreshComponent.m; sourceTree = "<group>"; };
		F026315D1C82FAA800E83B17 /* MJRefreshFooter.h */ = {isa = PBXFileReference; fileEncoding = 4; lastKnownFileType = sourcecode.c.h; path = MJRefreshFooter.h; sourceTree = "<group>"; };
		F026315E1C82FAA800E83B17 /* MJRefreshFooter.m */ = {isa = PBXFileReference; fileEncoding = 4; lastKnownFileType = sourcecode.c.objc; path = MJRefreshFooter.m; sourceTree = "<group>"; };
		F026315F1C82FAA800E83B17 /* MJRefreshHeader.h */ = {isa = PBXFileReference; fileEncoding = 4; lastKnownFileType = sourcecode.c.h; path = MJRefreshHeader.h; sourceTree = "<group>"; };
		F02631601C82FAA800E83B17 /* MJRefreshHeader.m */ = {isa = PBXFileReference; fileEncoding = 4; lastKnownFileType = sourcecode.c.objc; path = MJRefreshHeader.m; sourceTree = "<group>"; };
		F02631641C82FAA800E83B17 /* MJRefreshAutoGifFooter.h */ = {isa = PBXFileReference; fileEncoding = 4; lastKnownFileType = sourcecode.c.h; path = MJRefreshAutoGifFooter.h; sourceTree = "<group>"; };
		F02631651C82FAA800E83B17 /* MJRefreshAutoGifFooter.m */ = {isa = PBXFileReference; fileEncoding = 4; lastKnownFileType = sourcecode.c.objc; path = MJRefreshAutoGifFooter.m; sourceTree = "<group>"; };
		F02631661C82FAA800E83B17 /* MJRefreshAutoNormalFooter.h */ = {isa = PBXFileReference; fileEncoding = 4; lastKnownFileType = sourcecode.c.h; path = MJRefreshAutoNormalFooter.h; sourceTree = "<group>"; };
		F02631671C82FAA800E83B17 /* MJRefreshAutoNormalFooter.m */ = {isa = PBXFileReference; fileEncoding = 4; lastKnownFileType = sourcecode.c.objc; path = MJRefreshAutoNormalFooter.m; sourceTree = "<group>"; };
		F02631681C82FAA800E83B17 /* MJRefreshAutoStateFooter.h */ = {isa = PBXFileReference; fileEncoding = 4; lastKnownFileType = sourcecode.c.h; path = MJRefreshAutoStateFooter.h; sourceTree = "<group>"; };
		F02631691C82FAA800E83B17 /* MJRefreshAutoStateFooter.m */ = {isa = PBXFileReference; fileEncoding = 4; lastKnownFileType = sourcecode.c.objc; path = MJRefreshAutoStateFooter.m; sourceTree = "<group>"; };
		F026316B1C82FAA800E83B17 /* MJRefreshBackGifFooter.h */ = {isa = PBXFileReference; fileEncoding = 4; lastKnownFileType = sourcecode.c.h; path = MJRefreshBackGifFooter.h; sourceTree = "<group>"; };
		F026316C1C82FAA800E83B17 /* MJRefreshBackGifFooter.m */ = {isa = PBXFileReference; fileEncoding = 4; lastKnownFileType = sourcecode.c.objc; path = MJRefreshBackGifFooter.m; sourceTree = "<group>"; };
		F026316D1C82FAA800E83B17 /* MJRefreshBackNormalFooter.h */ = {isa = PBXFileReference; fileEncoding = 4; lastKnownFileType = sourcecode.c.h; path = MJRefreshBackNormalFooter.h; sourceTree = "<group>"; };
		F026316E1C82FAA800E83B17 /* MJRefreshBackNormalFooter.m */ = {isa = PBXFileReference; fileEncoding = 4; lastKnownFileType = sourcecode.c.objc; path = MJRefreshBackNormalFooter.m; sourceTree = "<group>"; };
		F026316F1C82FAA800E83B17 /* MJRefreshBackStateFooter.h */ = {isa = PBXFileReference; fileEncoding = 4; lastKnownFileType = sourcecode.c.h; path = MJRefreshBackStateFooter.h; sourceTree = "<group>"; };
		F02631701C82FAA800E83B17 /* MJRefreshBackStateFooter.m */ = {isa = PBXFileReference; fileEncoding = 4; lastKnownFileType = sourcecode.c.objc; path = MJRefreshBackStateFooter.m; sourceTree = "<group>"; };
		F02631721C82FAA800E83B17 /* MJRefreshGifHeader.h */ = {isa = PBXFileReference; fileEncoding = 4; lastKnownFileType = sourcecode.c.h; path = MJRefreshGifHeader.h; sourceTree = "<group>"; };
		F02631731C82FAA800E83B17 /* MJRefreshGifHeader.m */ = {isa = PBXFileReference; fileEncoding = 4; lastKnownFileType = sourcecode.c.objc; path = MJRefreshGifHeader.m; sourceTree = "<group>"; };
		F02631741C82FAA800E83B17 /* MJRefreshNormalHeader.h */ = {isa = PBXFileReference; fileEncoding = 4; lastKnownFileType = sourcecode.c.h; path = MJRefreshNormalHeader.h; sourceTree = "<group>"; };
		F02631751C82FAA800E83B17 /* MJRefreshNormalHeader.m */ = {isa = PBXFileReference; fileEncoding = 4; lastKnownFileType = sourcecode.c.objc; path = MJRefreshNormalHeader.m; sourceTree = "<group>"; };
		F02631761C82FAA800E83B17 /* MJRefreshStateHeader.h */ = {isa = PBXFileReference; fileEncoding = 4; lastKnownFileType = sourcecode.c.h; path = MJRefreshStateHeader.h; sourceTree = "<group>"; };
		F02631771C82FAA800E83B17 /* MJRefreshStateHeader.m */ = {isa = PBXFileReference; fileEncoding = 4; lastKnownFileType = sourcecode.c.objc; path = MJRefreshStateHeader.m; sourceTree = "<group>"; };
		F02631781C82FAA800E83B17 /* MJRefresh.bundle */ = {isa = PBXFileReference; lastKnownFileType = "wrapper.plug-in"; path = MJRefresh.bundle; sourceTree = "<group>"; };
		F02631791C82FAA800E83B17 /* MJRefresh.h */ = {isa = PBXFileReference; fileEncoding = 4; lastKnownFileType = sourcecode.c.h; path = MJRefresh.h; sourceTree = "<group>"; };
		F026317A1C82FAA800E83B17 /* MJRefreshConst.h */ = {isa = PBXFileReference; fileEncoding = 4; lastKnownFileType = sourcecode.c.h; path = MJRefreshConst.h; sourceTree = "<group>"; };
		F026317B1C82FAA800E83B17 /* MJRefreshConst.m */ = {isa = PBXFileReference; fileEncoding = 4; lastKnownFileType = sourcecode.c.objc; path = MJRefreshConst.m; sourceTree = "<group>"; };
		F026317C1C82FAA800E83B17 /* UIScrollView+MJExtension.h */ = {isa = PBXFileReference; fileEncoding = 4; lastKnownFileType = sourcecode.c.h; path = "UIScrollView+MJExtension.h"; sourceTree = "<group>"; };
		F026317D1C82FAA800E83B17 /* UIScrollView+MJExtension.m */ = {isa = PBXFileReference; fileEncoding = 4; lastKnownFileType = sourcecode.c.objc; path = "UIScrollView+MJExtension.m"; sourceTree = "<group>"; };
		F026317E1C82FAA800E83B17 /* UIScrollView+MJRefresh.h */ = {isa = PBXFileReference; fileEncoding = 4; lastKnownFileType = sourcecode.c.h; path = "UIScrollView+MJRefresh.h"; sourceTree = "<group>"; };
		F026317F1C82FAA800E83B17 /* UIScrollView+MJRefresh.m */ = {isa = PBXFileReference; fileEncoding = 4; lastKnownFileType = sourcecode.c.objc; path = "UIScrollView+MJRefresh.m"; sourceTree = "<group>"; };
		F02631801C82FAA800E83B17 /* UIView+MJExtension.h */ = {isa = PBXFileReference; fileEncoding = 4; lastKnownFileType = sourcecode.c.h; path = "UIView+MJExtension.h"; sourceTree = "<group>"; };
		F02631811C82FAA800E83B17 /* UIView+MJExtension.m */ = {isa = PBXFileReference; fileEncoding = 4; lastKnownFileType = sourcecode.c.objc; path = "UIView+MJExtension.m"; sourceTree = "<group>"; };
		F02631951C830FDE00E83B17 /* canceled.json */ = {isa = PBXFileReference; fileEncoding = 4; lastKnownFileType = text.json; path = canceled.json; sourceTree = "<group>"; };
		F02631961C830FDE00E83B17 /* havebeenpaid.json */ = {isa = PBXFileReference; fileEncoding = 4; lastKnownFileType = text.json; path = havebeenpaid.json; sourceTree = "<group>"; };
		F02631971C830FDE00E83B17 /* nonpayment.json */ = {isa = PBXFileReference; fileEncoding = 4; lastKnownFileType = text.json; path = nonpayment.json; sourceTree = "<group>"; };
/* End PBXFileReference section */

/* Begin PBXFrameworksBuildPhase section */
		F02630A31C818C5600E83B17 /* Frameworks */ = {
			isa = PBXFrameworksBuildPhase;
			buildActionMask = 2147483647;
			files = (
			);
			runOnlyForDeploymentPostprocessing = 0;
		};
		F02630BC1C818C5600E83B17 /* Frameworks */ = {
			isa = PBXFrameworksBuildPhase;
			buildActionMask = 2147483647;
			files = (
			);
			runOnlyForDeploymentPostprocessing = 0;
		};
		F02630C71C818C5600E83B17 /* Frameworks */ = {
			isa = PBXFrameworksBuildPhase;
			buildActionMask = 2147483647;
			files = (
			);
			runOnlyForDeploymentPostprocessing = 0;
		};
/* End PBXFrameworksBuildPhase section */

/* Begin PBXGroup section */
		F026309D1C818C5600E83B17 = {
			isa = PBXGroup;
			children = (
				F02630A81C818C5600E83B17 /* ZXOrderListView */,
				F02630C21C818C5600E83B17 /* ZXOrderListViewTests */,
				F02630CD1C818C5600E83B17 /* ZXOrderListViewUITests */,
				F02630A71C818C5600E83B17 /* Products */,
			);
			sourceTree = "<group>";
		};
		F02630A71C818C5600E83B17 /* Products */ = {
			isa = PBXGroup;
			children = (
				F02630A61C818C5600E83B17 /* ZXOrderListView.app */,
				F02630BF1C818C5600E83B17 /* ZXOrderListViewTests.xctest */,
				F02630CA1C818C5600E83B17 /* ZXOrderListViewUITests.xctest */,
			);
			name = Products;
			sourceTree = "<group>";
		};
		F02630A81C818C5600E83B17 /* ZXOrderListView */ = {
			isa = PBXGroup;
			children = (
				F02630DC1C818D6700E83B17 /* ZXOrderListVIew */,
				F02630AF1C818C5600E83B17 /* ViewController.h */,
				F02630B01C818C5600E83B17 /* ViewController.m */,
				F02630B21C818C5600E83B17 /* Main.storyboard */,
				F02631551C82FAA800E83B17 /* MJRefresh */,
				F02630E61C81B4F400E83B17 /* MJExtension */,
				F02630B51C818C5600E83B17 /* Assets.xcassets */,
				F02630A91C818C5600E83B17 /* Supporting Files */,
			);
			path = ZXOrderListView;
			sourceTree = "<group>";
		};
		F02630A91C818C5600E83B17 /* Supporting Files */ = {
			isa = PBXGroup;
			children = (
				F02630AC1C818C5600E83B17 /* AppDelegate.h */,
				F02630AD1C818C5600E83B17 /* AppDelegate.m */,
				F02630B71C818C5600E83B17 /* LaunchScreen.storyboard */,
				F02630BA1C818C5600E83B17 /* Info.plist */,
				F02630AA1C818C5600E83B17 /* main.m */,
			);
			name = "Supporting Files";
			sourceTree = "<group>";
		};
		F02630C21C818C5600E83B17 /* ZXOrderListViewTests */ = {
			isa = PBXGroup;
			children = (
				F02630C31C818C5600E83B17 /* ZXOrderListViewTests.m */,
				F02630C51C818C5600E83B17 /* Info.plist */,
			);
			path = ZXOrderListViewTests;
			sourceTree = "<group>";
		};
		F02630CD1C818C5600E83B17 /* ZXOrderListViewUITests */ = {
			isa = PBXGroup;
			children = (
				F02630CE1C818C5600E83B17 /* ZXOrderListViewUITests.m */,
				F02630D01C818C5600E83B17 /* Info.plist */,
			);
			path = ZXOrderListViewUITests;
			sourceTree = "<group>";
		};
		F02630DC1C818D6700E83B17 /* ZXOrderListVIew */ = {
			isa = PBXGroup;
			children = (
				F02630DD1C818D6700E83B17 /* Controller */,
				F02630DE1C818D6700E83B17 /* Model */,
				F02630DF1C818D6700E83B17 /* View */,
			);
			path = ZXOrderListVIew;
			sourceTree = "<group>";
		};
		F02630DD1C818D6700E83B17 /* Controller */ = {
			isa = PBXGroup;
			children = (
				F02630E01C818ED500E83B17 /* ZXOrderListViewController.h */,
				F02630E11C818ED500E83B17 /* ZXOrderListViewController.m */,
			);
			path = Controller;
			sourceTree = "<group>";
		};
		F02630DE1C818D6700E83B17 /* Model */ = {
			isa = PBXGroup;
			children = (
				F02630E31C819F9C00E83B17 /* ZXOrderModel.h */,
				F02630E41C819F9C00E83B17 /* ZXOrderModel.m */,
				F026314E1C81CC9500E83B17 /* orders.json */,
				F02631951C830FDE00E83B17 /* canceled.json */,
				F02631961C830FDE00E83B17 /* havebeenpaid.json */,
				F02631971C830FDE00E83B17 /* nonpayment.json */,
			);
			path = Model;
			sourceTree = "<group>";
		};
		F02630DF1C818D6700E83B17 /* View */ = {
			isa = PBXGroup;
			children = (
				F02631501C81D12F00E83B17 /* ZXOrderCell.h */,
				F02631511C81D12F00E83B17 /* ZXOrderCell.m */,
				F02631521C81D12F00E83B17 /* ZXOrderCell.xib */,
			);
			path = View;
			sourceTree = "<group>";
		};
		F02630E61C81B4F400E83B17 /* MJExtension */ = {
			isa = PBXGroup;
			children = (
				F02630E71C81B4F400E83B17 /* MJDictionaryCache.h */,
				F02630E81C81B4F400E83B17 /* MJDictionaryCache.m */,
				F02630E91C81B4F400E83B17 /* MJExtension.h */,
				F02630EA1C81B4F400E83B17 /* MJExtensionConst.h */,
				F02630EB1C81B4F400E83B17 /* MJExtensionConst.m */,
				F02630EC1C81B4F400E83B17 /* MJFoundation.h */,
				F02630ED1C81B4F400E83B17 /* MJFoundation.m */,
				F02630EE1C81B4F400E83B17 /* MJProperty.h */,
				F02630EF1C81B4F400E83B17 /* MJProperty.m */,
				F02630F01C81B4F400E83B17 /* MJPropertyKey.h */,
				F02630F11C81B4F400E83B17 /* MJPropertyKey.m */,
				F02630F21C81B4F400E83B17 /* MJPropertyType.h */,
				F02630F31C81B4F400E83B17 /* MJPropertyType.m */,
				F02630F41C81B4F400E83B17 /* NSObject+MJClass.h */,
				F02630F51C81B4F400E83B17 /* NSObject+MJClass.m */,
				F02630F61C81B4F400E83B17 /* NSObject+MJCoding.h */,
				F02630F71C81B4F400E83B17 /* NSObject+MJCoding.m */,
				F02630F81C81B4F400E83B17 /* NSObject+MJKeyValue.h */,
				F02630F91C81B4F400E83B17 /* NSObject+MJKeyValue.m */,
				F02630FA1C81B4F400E83B17 /* NSObject+MJProperty.h */,
				F02630FB1C81B4F400E83B17 /* NSObject+MJProperty.m */,
				F02630FC1C81B4F400E83B17 /* NSString+MJExtension.h */,
				F02630FD1C81B4F400E83B17 /* NSString+MJExtension.m */,
			);
			path = MJExtension;
			sourceTree = "<group>";
		};
		F02631551C82FAA800E83B17 /* MJRefresh */ = {
			isa = PBXGroup;
			children = (
				F02631561C82FAA800E83B17 /* Base */,
				F02631611C82FAA800E83B17 /* Custom */,
				F02631781C82FAA800E83B17 /* MJRefresh.bundle */,
				F02631791C82FAA800E83B17 /* MJRefresh.h */,
				F026317A1C82FAA800E83B17 /* MJRefreshConst.h */,
				F026317B1C82FAA800E83B17 /* MJRefreshConst.m */,
				F026317C1C82FAA800E83B17 /* UIScrollView+MJExtension.h */,
				F026317D1C82FAA800E83B17 /* UIScrollView+MJExtension.m */,
				F026317E1C82FAA800E83B17 /* UIScrollView+MJRefresh.h */,
				F026317F1C82FAA800E83B17 /* UIScrollView+MJRefresh.m */,
				F02631801C82FAA800E83B17 /* UIView+MJExtension.h */,
				F02631811C82FAA800E83B17 /* UIView+MJExtension.m */,
			);
			name = MJRefresh;
			path = MJExtension/MJRefresh;
			sourceTree = "<group>";
		};
		F02631561C82FAA800E83B17 /* Base */ = {
			isa = PBXGroup;
			children = (
				F02631571C82FAA800E83B17 /* MJRefreshAutoFooter.h */,
				F02631581C82FAA800E83B17 /* MJRefreshAutoFooter.m */,
				F02631591C82FAA800E83B17 /* MJRefreshBackFooter.h */,
				F026315A1C82FAA800E83B17 /* MJRefreshBackFooter.m */,
				F026315B1C82FAA800E83B17 /* MJRefreshComponent.h */,
				F026315C1C82FAA800E83B17 /* MJRefreshComponent.m */,
				F026315D1C82FAA800E83B17 /* MJRefreshFooter.h */,
				F026315E1C82FAA800E83B17 /* MJRefreshFooter.m */,
				F026315F1C82FAA800E83B17 /* MJRefreshHeader.h */,
				F02631601C82FAA800E83B17 /* MJRefreshHeader.m */,
			);
			path = Base;
			sourceTree = "<group>";
		};
		F02631611C82FAA800E83B17 /* Custom */ = {
			isa = PBXGroup;
			children = (
				F02631621C82FAA800E83B17 /* Footer */,
				F02631711C82FAA800E83B17 /* Header */,
			);
			path = Custom;
			sourceTree = "<group>";
		};
		F02631621C82FAA800E83B17 /* Footer */ = {
			isa = PBXGroup;
			children = (
				F02631631C82FAA800E83B17 /* Auto */,
				F026316A1C82FAA800E83B17 /* Back */,
			);
			path = Footer;
			sourceTree = "<group>";
		};
		F02631631C82FAA800E83B17 /* Auto */ = {
			isa = PBXGroup;
			children = (
				F02631641C82FAA800E83B17 /* MJRefreshAutoGifFooter.h */,
				F02631651C82FAA800E83B17 /* MJRefreshAutoGifFooter.m */,
				F02631661C82FAA800E83B17 /* MJRefreshAutoNormalFooter.h */,
				F02631671C82FAA800E83B17 /* MJRefreshAutoNormalFooter.m */,
				F02631681C82FAA800E83B17 /* MJRefreshAutoStateFooter.h */,
				F02631691C82FAA800E83B17 /* MJRefreshAutoStateFooter.m */,
			);
			path = Auto;
			sourceTree = "<group>";
		};
		F026316A1C82FAA800E83B17 /* Back */ = {
			isa = PBXGroup;
			children = (
				F026316B1C82FAA800E83B17 /* MJRefreshBackGifFooter.h */,
				F026316C1C82FAA800E83B17 /* MJRefreshBackGifFooter.m */,
				F026316D1C82FAA800E83B17 /* MJRefreshBackNormalFooter.h */,
				F026316E1C82FAA800E83B17 /* MJRefreshBackNormalFooter.m */,
				F026316F1C82FAA800E83B17 /* MJRefreshBackStateFooter.h */,
				F02631701C82FAA800E83B17 /* MJRefreshBackStateFooter.m */,
			);
			path = Back;
			sourceTree = "<group>";
		};
		F02631711C82FAA800E83B17 /* Header */ = {
			isa = PBXGroup;
			children = (
				F02631721C82FAA800E83B17 /* MJRefreshGifHeader.h */,
				F02631731C82FAA800E83B17 /* MJRefreshGifHeader.m */,
				F02631741C82FAA800E83B17 /* MJRefreshNormalHeader.h */,
				F02631751C82FAA800E83B17 /* MJRefreshNormalHeader.m */,
				F02631761C82FAA800E83B17 /* MJRefreshStateHeader.h */,
				F02631771C82FAA800E83B17 /* MJRefreshStateHeader.m */,
			);
			path = Header;
			sourceTree = "<group>";
		};
/* End PBXGroup section */

/* Begin PBXNativeTarget section */
		F02630A51C818C5600E83B17 /* ZXOrderListView */ = {
			isa = PBXNativeTarget;
			buildConfigurationList = F02630D31C818C5600E83B17 /* Build configuration list for PBXNativeTarget "ZXOrderListView" */;
			buildPhases = (
				F02630A21C818C5600E83B17 /* Sources */,
				F02630A31C818C5600E83B17 /* Frameworks */,
				F02630A41C818C5600E83B17 /* Resources */,
			);
			buildRules = (
			);
			dependencies = (
			);
			name = ZXOrderListView;
			productName = ZXOrderListView;
			productReference = F02630A61C818C5600E83B17 /* ZXOrderListView.app */;
			productType = "com.apple.product-type.application";
		};
		F02630BE1C818C5600E83B17 /* ZXOrderListViewTests */ = {
			isa = PBXNativeTarget;
			buildConfigurationList = F02630D61C818C5600E83B17 /* Build configuration list for PBXNativeTarget "ZXOrderListViewTests" */;
			buildPhases = (
				F02630BB1C818C5600E83B17 /* Sources */,
				F02630BC1C818C5600E83B17 /* Frameworks */,
				F02630BD1C818C5600E83B17 /* Resources */,
			);
			buildRules = (
			);
			dependencies = (
				F02630C11C818C5600E83B17 /* PBXTargetDependency */,
			);
			name = ZXOrderListViewTests;
			productName = ZXOrderListViewTests;
			productReference = F02630BF1C818C5600E83B17 /* ZXOrderListViewTests.xctest */;
			productType = "com.apple.product-type.bundle.unit-test";
		};
		F02630C91C818C5600E83B17 /* ZXOrderListViewUITests */ = {
			isa = PBXNativeTarget;
			buildConfigurationList = F02630D91C818C5600E83B17 /* Build configuration list for PBXNativeTarget "ZXOrderListViewUITests" */;
			buildPhases = (
				F02630C61C818C5600E83B17 /* Sources */,
				F02630C71C818C5600E83B17 /* Frameworks */,
				F02630C81C818C5600E83B17 /* Resources */,
			);
			buildRules = (
			);
			dependencies = (
				F02630CC1C818C5600E83B17 /* PBXTargetDependency */,
			);
			name = ZXOrderListViewUITests;
			productName = ZXOrderListViewUITests;
			productReference = F02630CA1C818C5600E83B17 /* ZXOrderListViewUITests.xctest */;
			productType = "com.apple.product-type.bundle.ui-testing";
		};
/* End PBXNativeTarget section */

/* Begin PBXProject section */
		F026309E1C818C5600E83B17 /* Project object */ = {
			isa = PBXProject;
			attributes = {
				LastUpgradeCheck = 0720;
				ORGANIZATIONNAME = "周想";
				TargetAttributes = {
					F02630A51C818C5600E83B17 = {
						CreatedOnToolsVersion = 7.2;
					};
					F02630BE1C818C5600E83B17 = {
						CreatedOnToolsVersion = 7.2;
						TestTargetID = F02630A51C818C5600E83B17;
					};
					F02630C91C818C5600E83B17 = {
						CreatedOnToolsVersion = 7.2;
						TestTargetID = F02630A51C818C5600E83B17;
					};
				};
			};
			buildConfigurationList = F02630A11C818C5600E83B17 /* Build configuration list for PBXProject "ZXOrderListView" */;
			compatibilityVersion = "Xcode 3.2";
			developmentRegion = English;
			hasScannedForEncodings = 0;
			knownRegions = (
				en,
				Base,
			);
			mainGroup = F026309D1C818C5600E83B17;
			productRefGroup = F02630A71C818C5600E83B17 /* Products */;
			projectDirPath = "";
			projectRoot = "";
			targets = (
				F02630A51C818C5600E83B17 /* ZXOrderListView */,
				F02630BE1C818C5600E83B17 /* ZXOrderListViewTests */,
				F02630C91C818C5600E83B17 /* ZXOrderListViewUITests */,
			);
		};
/* End PBXProject section */

/* Begin PBXResourcesBuildPhase section */
		F02630A41C818C5600E83B17 /* Resources */ = {
			isa = PBXResourcesBuildPhase;
			buildActionMask = 2147483647;
			files = (
				F026314F1C81CC9500E83B17 /* orders.json in Resources */,
				F026319A1C830FDE00E83B17 /* nonpayment.json in Resources */,
				F02630B91C818C5600E83B17 /* LaunchScreen.storyboard in Resources */,
				F02631901C82FAA800E83B17 /* MJRefresh.bundle in Resources */,
				F02630B61C818C5600E83B17 /* Assets.xcassets in Resources */,
				F02631541C81D12F00E83B17 /* ZXOrderCell.xib in Resources */,
				F02631991C830FDE00E83B17 /* havebeenpaid.json in Resources */,
				F02631981C830FDE00E83B17 /* canceled.json in Resources */,
				F02630B41C818C5600E83B17 /* Main.storyboard in Resources */,
			);
			runOnlyForDeploymentPostprocessing = 0;
		};
		F02630BD1C818C5600E83B17 /* Resources */ = {
			isa = PBXResourcesBuildPhase;
			buildActionMask = 2147483647;
			files = (
			);
			runOnlyForDeploymentPostprocessing = 0;
		};
		F02630C81C818C5600E83B17 /* Resources */ = {
			isa = PBXResourcesBuildPhase;
			buildActionMask = 2147483647;
			files = (
			);
			runOnlyForDeploymentPostprocessing = 0;
		};
/* End PBXResourcesBuildPhase section */

/* Begin PBXSourcesBuildPhase section */
		F02630A21C818C5600E83B17 /* Sources */ = {
			isa = PBXSourcesBuildPhase;
			buildActionMask = 2147483647;
			files = (
				F02630B11C818C5600E83B17 /* ViewController.m in Sources */,
				F02631531C81D12F00E83B17 /* ZXOrderCell.m in Sources */,
				F02630AE1C818C5600E83B17 /* AppDelegate.m in Sources */,
				F02630FF1C81B4F400E83B17 /* MJExtensionConst.m in Sources */,
				F02630AB1C818C5600E83B17 /* main.m in Sources */,
				F02631881C82FAA800E83B17 /* MJRefreshAutoNormalFooter.m in Sources */,
				F026318E1C82FAA800E83B17 /* MJRefreshNormalHeader.m in Sources */,
				F02631011C81B4F400E83B17 /* MJProperty.m in Sources */,
				F02631031C81B4F400E83B17 /* MJPropertyType.m in Sources */,
				F02630E21C818ED500E83B17 /* ZXOrderListViewController.m in Sources */,
				F02631931C82FAA800E83B17 /* UIScrollView+MJRefresh.m in Sources */,
				F02631071C81B4F400E83B17 /* NSObject+MJProperty.m in Sources */,
				F02631081C81B4F400E83B17 /* NSString+MJExtension.m in Sources */,
				F02631051C81B4F400E83B17 /* NSObject+MJCoding.m in Sources */,
				F02631891C82FAA800E83B17 /* MJRefreshAutoStateFooter.m in Sources */,
				F02630E51C819F9C00E83B17 /* ZXOrderModel.m in Sources */,
				F02631871C82FAA800E83B17 /* MJRefreshAutoGifFooter.m in Sources */,
				F026318B1C82FAA800E83B17 /* MJRefreshBackNormalFooter.m in Sources */,
				F02631841C82FAA800E83B17 /* MJRefreshComponent.m in Sources */,
				F02631021C81B4F400E83B17 /* MJPropertyKey.m in Sources */,
				F02631061C81B4F400E83B17 /* NSObject+MJKeyValue.m in Sources */,
				F02631831C82FAA800E83B17 /* MJRefreshBackFooter.m in Sources */,
				F026318C1C82FAA800E83B17 /* MJRefreshBackStateFooter.m in Sources */,
				F026318D1C82FAA800E83B17 /* MJRefreshGifHeader.m in Sources */,
				F026318A1C82FAA800E83B17 /* MJRefreshBackGifFooter.m in Sources */,
				F02631911C82FAA800E83B17 /* MJRefreshConst.m in Sources */,
				F02631041C81B4F400E83B17 /* NSObject+MJClass.m in Sources */,
				F02630FE1C81B4F400E83B17 /* MJDictionaryCache.m in Sources */,
				F02631821C82FAA800E83B17 /* MJRefreshAutoFooter.m in Sources */,
				F02631001C81B4F400E83B17 /* MJFoundation.m in Sources */,
				F02631851C82FAA800E83B17 /* MJRefreshFooter.m in Sources */,
				F02631941C82FAA800E83B17 /* UIView+MJExtension.m in Sources */,
				F02631921C82FAA800E83B17 /* UIScrollView+MJExtension.m in Sources */,
				F02631861C82FAA800E83B17 /* MJRefreshHeader.m in Sources */,
				F026318F1C82FAA800E83B17 /* MJRefreshStateHeader.m in Sources */,
			);
			runOnlyForDeploymentPostprocessing = 0;
		};
		F02630BB1C818C5600E83B17 /* Sources */ = {
			isa = PBXSourcesBuildPhase;
			buildActionMask = 2147483647;
			files = (
				F02630C41C818C5600E83B17 /* ZXOrderListViewTests.m in Sources */,
			);
			runOnlyForDeploymentPostprocessing = 0;
		};
		F02630C61C818C5600E83B17 /* Sources */ = {
			isa = PBXSourcesBuildPhase;
			buildActionMask = 2147483647;
			files = (
				F02630CF1C818C5600E83B17 /* ZXOrderListViewUITests.m in Sources */,
			);
			runOnlyForDeploymentPostprocessing = 0;
		};
/* End PBXSourcesBuildPhase section */

/* Begin PBXTargetDependency section */
		F02630C11C818C5600E83B17 /* PBXTargetDependency */ = {
			isa = PBXTargetDependency;
			target = F02630A51C818C5600E83B17 /* ZXOrderListView */;
			targetProxy = F02630C01C818C5600E83B17 /* PBXContainerItemProxy */;
		};
		F02630CC1C818C5600E83B17 /* PBXTargetDependency */ = {
			isa = PBXTargetDependency;
			target = F02630A51C818C5600E83B17 /* ZXOrderListView */;
			targetProxy = F02630CB1C818C5600E83B17 /* PBXContainerItemProxy */;
		};
/* End PBXTargetDependency section */

/* Begin PBXVariantGroup section */
		F02630B21C818C5600E83B17 /* Main.storyboard */ = {
			isa = PBXVariantGroup;
			children = (
				F02630B31C818C5600E83B17 /* Base */,
			);
			name = Main.storyboard;
			sourceTree = "<group>";
		};
		F02630B71C818C5600E83B17 /* LaunchScreen.storyboard */ = {
			isa = PBXVariantGroup;
			children = (
				F02630B81C818C5600E83B17 /* Base */,
			);
			name = LaunchScreen.storyboard;
			sourceTree = "<group>";
		};
/* End PBXVariantGroup section */

/* Begin XCBuildConfiguration section */
		F02630D11C818C5600E83B17 /* Debug */ = {
			isa = XCBuildConfiguration;
			buildSettings = {
				ALWAYS_SEARCH_USER_PATHS = NO;
				CLANG_CXX_LANGUAGE_STANDARD = "gnu++0x";
				CLANG_CXX_LIBRARY = "libc++";
				CLANG_ENABLE_MODULES = YES;
				CLANG_ENABLE_OBJC_ARC = YES;
				CLANG_WARN_BOOL_CONVERSION = YES;
				CLANG_WARN_CONSTANT_CONVERSION = YES;
				CLANG_WARN_DIRECT_OBJC_ISA_USAGE = YES_ERROR;
				CLANG_WARN_EMPTY_BODY = YES;
				CLANG_WARN_ENUM_CONVERSION = YES;
				CLANG_WARN_INT_CONVERSION = YES;
				CLANG_WARN_OBJC_ROOT_CLASS = YES_ERROR;
				CLANG_WARN_UNREACHABLE_CODE = YES;
				CLANG_WARN__DUPLICATE_METHOD_MATCH = YES;
				"CODE_SIGN_IDENTITY[sdk=iphoneos*]" = "iPhone Developer";
				COPY_PHASE_STRIP = NO;
				DEBUG_INFORMATION_FORMAT = dwarf;
				ENABLE_STRICT_OBJC_MSGSEND = YES;
				ENABLE_TESTABILITY = YES;
				GCC_C_LANGUAGE_STANDARD = gnu99;
				GCC_DYNAMIC_NO_PIC = NO;
				GCC_NO_COMMON_BLOCKS = YES;
				GCC_OPTIMIZATION_LEVEL = 0;
				GCC_PREPROCESSOR_DEFINITIONS = (
					"DEBUG=1",
					"$(inherited)",
				);
				GCC_WARN_64_TO_32_BIT_CONVERSION = YES;
				GCC_WARN_ABOUT_RETURN_TYPE = YES_ERROR;
				GCC_WARN_UNDECLARED_SELECTOR = YES;
				GCC_WARN_UNINITIALIZED_AUTOS = YES_AGGRESSIVE;
				GCC_WARN_UNUSED_FUNCTION = YES;
				GCC_WARN_UNUSED_VARIABLE = YES;
				IPHONEOS_DEPLOYMENT_TARGET = 9.2;
				MTL_ENABLE_DEBUG_INFO = YES;
				ONLY_ACTIVE_ARCH = YES;
				SDKROOT = iphoneos;
			};
			name = Debug;
		};
		F02630D21C818C5600E83B17 /* Release */ = {
			isa = XCBuildConfiguration;
			buildSettings = {
				ALWAYS_SEARCH_USER_PATHS = NO;
				CLANG_CXX_LANGUAGE_STANDARD = "gnu++0x";
				CLANG_CXX_LIBRARY = "libc++";
				CLANG_ENABLE_MODULES = YES;
				CLANG_ENABLE_OBJC_ARC = YES;
				CLANG_WARN_BOOL_CONVERSION = YES;
				CLANG_WARN_CONSTANT_CONVERSION = YES;
				CLANG_WARN_DIRECT_OBJC_ISA_USAGE = YES_ERROR;
				CLANG_WARN_EMPTY_BODY = YES;
				CLANG_WARN_ENUM_CONVERSION = YES;
				CLANG_WARN_INT_CONVERSION = YES;
				CLANG_WARN_OBJC_ROOT_CLASS = YES_ERROR;
				CLANG_WARN_UNREACHABLE_CODE = YES;
				CLANG_WARN__DUPLICATE_METHOD_MATCH = YES;
				"CODE_SIGN_IDENTITY[sdk=iphoneos*]" = "iPhone Developer";
				COPY_PHASE_STRIP = NO;
				DEBUG_INFORMATION_FORMAT = "dwarf-with-dsym";
				ENABLE_NS_ASSERTIONS = NO;
				ENABLE_STRICT_OBJC_MSGSEND = YES;
				GCC_C_LANGUAGE_STANDARD = gnu99;
				GCC_NO_COMMON_BLOCKS = YES;
				GCC_WARN_64_TO_32_BIT_CONVERSION = YES;
				GCC_WARN_ABOUT_RETURN_TYPE = YES_ERROR;
				GCC_WARN_UNDECLARED_SELECTOR = YES;
				GCC_WARN_UNINITIALIZED_AUTOS = YES_AGGRESSIVE;
				GCC_WARN_UNUSED_FUNCTION = YES;
				GCC_WARN_UNUSED_VARIABLE = YES;
				IPHONEOS_DEPLOYMENT_TARGET = 9.2;
				MTL_ENABLE_DEBUG_INFO = NO;
				SDKROOT = iphoneos;
				VALIDATE_PRODUCT = YES;
			};
			name = Release;
		};
		F02630D41C818C5600E83B17 /* Debug */ = {
			isa = XCBuildConfiguration;
			buildSettings = {
				ASSETCATALOG_COMPILER_APPICON_NAME = AppIcon;
				INFOPLIST_FILE = ZXOrderListView/Info.plist;
				LD_RUNPATH_SEARCH_PATHS = "$(inherited) @executable_path/Frameworks";
				PRODUCT_BUNDLE_IDENTIFIER = io.github.shaynechow.ZXOrderListView;
				PRODUCT_NAME = "$(TARGET_NAME)";
			};
			name = Debug;
		};
		F02630D51C818C5600E83B17 /* Release */ = {
			isa = XCBuildConfiguration;
			buildSettings = {
				ASSETCATALOG_COMPILER_APPICON_NAME = AppIcon;
				INFOPLIST_FILE = ZXOrderListView/Info.plist;
				LD_RUNPATH_SEARCH_PATHS = "$(inherited) @executable_path/Frameworks";
				PRODUCT_BUNDLE_IDENTIFIER = io.github.shaynechow.ZXOrderListView;
				PRODUCT_NAME = "$(TARGET_NAME)";
			};
			name = Release;
		};
		F02630D71C818C5600E83B17 /* Debug */ = {
			isa = XCBuildConfiguration;
			buildSettings = {
				BUNDLE_LOADER = "$(TEST_HOST)";
				INFOPLIST_FILE = ZXOrderListViewTests/Info.plist;
				LD_RUNPATH_SEARCH_PATHS = "$(inherited) @executable_path/Frameworks @loader_path/Frameworks";
				PRODUCT_BUNDLE_IDENTIFIER = io.github.shaynechow.ZXOrderListViewTests;
				PRODUCT_NAME = "$(TARGET_NAME)";
				TEST_HOST = "$(BUILT_PRODUCTS_DIR)/ZXOrderListView.app/ZXOrderListView";
			};
			name = Debug;
		};
		F02630D81C818C5600E83B17 /* Release */ = {
			isa = XCBuildConfiguration;
			buildSettings = {
				BUNDLE_LOADER = "$(TEST_HOST)";
				INFOPLIST_FILE = ZXOrderListViewTests/Info.plist;
				LD_RUNPATH_SEARCH_PATHS = "$(inherited) @executable_path/Frameworks @loader_path/Frameworks";
				PRODUCT_BUNDLE_IDENTIFIER = io.github.shaynechow.ZXOrderListViewTests;
				PRODUCT_NAME = "$(TARGET_NAME)";
				TEST_HOST = "$(BUILT_PRODUCTS_DIR)/ZXOrderListView.app/ZXOrderListView";
			};
			name = Release;
		};
		F02630DA1C818C5600E83B17 /* Debug */ = {
			isa = XCBuildConfiguration;
			buildSettings = {
				INFOPLIST_FILE = ZXOrderListViewUITests/Info.plist;
				LD_RUNPATH_SEARCH_PATHS = "$(inherited) @executable_path/Frameworks @loader_path/Frameworks";
				PRODUCT_BUNDLE_IDENTIFIER = io.github.shaynechow.ZXOrderListViewUITests;
				PRODUCT_NAME = "$(TARGET_NAME)";
				TEST_TARGET_NAME = ZXOrderListView;
				USES_XCTRUNNER = YES;
			};
			name = Debug;
		};
		F02630DB1C818C5600E83B17 /* Release */ = {
			isa = XCBuildConfiguration;
			buildSettings = {
				INFOPLIST_FILE = ZXOrderListViewUITests/Info.plist;
				LD_RUNPATH_SEARCH_PATHS = "$(inherited) @executable_path/Frameworks @loader_path/Frameworks";
				PRODUCT_BUNDLE_IDENTIFIER = io.github.shaynechow.ZXOrderListViewUITests;
				PRODUCT_NAME = "$(TARGET_NAME)";
				TEST_TARGET_NAME = ZXOrderListView;
				USES_XCTRUNNER = YES;
			};
			name = Release;
		};
/* End XCBuildConfiguration section */

/* Begin XCConfigurationList section */
		F02630A11C818C5600E83B17 /* Build configuration list for PBXProject "ZXOrderListView" */ = {
			isa = XCConfigurationList;
			buildConfigurations = (
				F02630D11C818C5600E83B17 /* Debug */,
				F02630D21C818C5600E83B17 /* Release */,
			);
			defaultConfigurationIsVisible = 0;
			defaultConfigurationName = Release;
		};
		F02630D31C818C5600E83B17 /* Build configuration list for PBXNativeTarget "ZXOrderListView" */ = {
			isa = XCConfigurationList;
			buildConfigurations = (
				F02630D41C818C5600E83B17 /* Debug */,
				F02630D51C818C5600E83B17 /* Release */,
			);
			defaultConfigurationIsVisible = 0;
		};
		F02630D61C818C5600E83B17 /* Build configuration list for PBXNativeTarget "ZXOrderListViewTests" */ = {
			isa = XCConfigurationList;
			buildConfigurations = (
				F02630D71C818C5600E83B17 /* Debug */,
				F02630D81C818C5600E83B17 /* Release */,
			);
			defaultConfigurationIsVisible = 0;
		};
		F02630D91C818C5600E83B17 /* Build configuration list for PBXNativeTarget "ZXOrderListViewUITests" */ = {
			isa = XCConfigurationList;
			buildConfigurations = (
				F02630DA1C818C5600E83B17 /* Debug */,
				F02630DB1C818C5600E83B17 /* Release */,
			);
			defaultConfigurationIsVisible = 0;
		};
/* End XCConfigurationList section */
	};
	rootObject = F026309E1C818C5600E83B17 /* Project object */;
}
